// !$*UTF8*$!
{
	archiveVersion = 1;
	classes = {
	};
	objectVersion = 50;
	objects = {

/* Begin PBXBuildFile section */
		F89CC79A247F40A600C7D341 /* AppDelegate.swift in Sources */ = {isa = PBXBuildFile; fileRef = F89CC799247F40A600C7D341 /* AppDelegate.swift */; };
		F89CC79C247F40A600C7D341 /* SceneDelegate.swift in Sources */ = {isa = PBXBuildFile; fileRef = F89CC79B247F40A600C7D341 /* SceneDelegate.swift */; };
		F89CC79E247F40A600C7D341 /* ContentView.swift in Sources */ = {isa = PBXBuildFile; fileRef = F89CC79D247F40A600C7D341 /* ContentView.swift */; };
		F89CC7A0247F40A700C7D341 /* Assets.xcassets in Resources */ = {isa = PBXBuildFile; fileRef = F89CC79F247F40A700C7D341 /* Assets.xcassets */; };
		F89CC7A3247F40A700C7D341 /* Preview Assets.xcassets in Resources */ = {isa = PBXBuildFile; fileRef = F89CC7A2247F40A700C7D341 /* Preview Assets.xcassets */; };
		F89CC7A6247F40A700C7D341 /* LaunchScreen.storyboard in Resources */ = {isa = PBXBuildFile; fileRef = F89CC7A4247F40A700C7D341 /* LaunchScreen.storyboard */; };
		F89CC7AE247F437B00C7D341 /* DetailView.swift in Sources */ = {isa = PBXBuildFile; fileRef = F89CC7AD247F437B00C7D341 /* DetailView.swift */; };
		F89CC7B0247F4A6300C7D341 /* MasterView.swift in Sources */ = {isa = PBXBuildFile; fileRef = F89CC7AF247F4A6300C7D341 /* MasterView.swift */; };
		F89CC7B2247F4B0C00C7D341 /* Store.swift in Sources */ = {isa = PBXBuildFile; fileRef = F89CC7B1247F4B0C00C7D341 /* Store.swift */; };
/* End PBXBuildFile section */

/* Begin PBXFileReference section */
		F89CC796247F40A600C7D341 /* Thingers.app */ = {isa = PBXFileReference; explicitFileType = wrapper.application; includeInIndex = 0; path = Thingers.app; sourceTree = BUILT_PRODUCTS_DIR; };
		F89CC799247F40A600C7D341 /* AppDelegate.swift */ = {isa = PBXFileReference; lastKnownFileType = sourcecode.swift; path = AppDelegate.swift; sourceTree = "<group>"; };
		F89CC79B247F40A600C7D341 /* SceneDelegate.swift */ = {isa = PBXFileReference; lastKnownFileType = sourcecode.swift; path = SceneDelegate.swift; sourceTree = "<group>"; };
		F89CC79D247F40A600C7D341 /* ContentView.swift */ = {isa = PBXFileReference; lastKnownFileType = sourcecode.swift; path = ContentView.swift; sourceTree = "<group>"; };
		F89CC79F247F40A700C7D341 /* Assets.xcassets */ = {isa = PBXFileReference; lastKnownFileType = folder.assetcatalog; path = Assets.xcassets; sourceTree = "<group>"; };
		F89CC7A2247F40A700C7D341 /* Preview Assets.xcassets */ = {isa = PBXFileReference; lastKnownFileType = folder.assetcatalog; path = "Preview Assets.xcassets"; sourceTree = "<group>"; };
		F89CC7A5247F40A700C7D341 /* Base */ = {isa = PBXFileReference; lastKnownFileType = file.storyboard; name = Base; path = Base.lproj/LaunchScreen.storyboard; sourceTree = "<group>"; };
		F89CC7A7247F40A700C7D341 /* Info.plist */ = {isa = PBXFileReference; lastKnownFileType = text.plist.xml; path = Info.plist; sourceTree = "<group>"; };
		F89CC7AD247F437B00C7D341 /* DetailView.swift */ = {isa = PBXFileReference; lastKnownFileType = sourcecode.swift; path = DetailView.swift; sourceTree = "<group>"; };
		F89CC7AF247F4A6300C7D341 /* MasterView.swift */ = {isa = PBXFileReference; lastKnownFileType = sourcecode.swift; path = MasterView.swift; sourceTree = "<group>"; };
		F89CC7B1247F4B0C00C7D341 /* Store.swift */ = {isa = PBXFileReference; lastKnownFileType = sourcecode.swift; path = Store.swift; sourceTree = "<group>"; };
/* End PBXFileReference section */

/* Begin PBXFrameworksBuildPhase section */
		F89CC793247F40A600C7D341 /* Frameworks */ = {
			isa = PBXFrameworksBuildPhase;
			buildActionMask = 2147483647;
			files = (
			);
			runOnlyForDeploymentPostprocessing = 0;
		};
/* End PBXFrameworksBuildPhase section */

/* Begin PBXGroup section */
		F89CC78D247F40A600C7D341 = {
			isa = PBXGroup;
			children = (
				F89CC798247F40A600C7D341 /* Thingers */,
				F89CC797247F40A600C7D341 /* Products */,
			);
			sourceTree = "<group>";
		};
		F89CC797247F40A600C7D341 /* Products */ = {
			isa = PBXGroup;
			children = (
				F89CC796247F40A600C7D341 /* Thingers.app */,
			);
			name = Products;
			sourceTree = "<group>";
		};
		F89CC798247F40A600C7D341 /* Thingers */ = {
			isa = PBXGroup;
			children = (
				F89CC799247F40A600C7D341 /* AppDelegate.swift */,
				F89CC79B247F40A600C7D341 /* SceneDelegate.swift */,
				F89CC79D247F40A600C7D341 /* ContentView.swift */,
				F89CC7B1247F4B0C00C7D341 /* Store.swift */,
				F89CC7AD247F437B00C7D341 /* DetailView.swift */,
				F89CC7AF247F4A6300C7D341 /* MasterView.swift */,
				F89CC79F247F40A700C7D341 /* Assets.xcassets */,
				F89CC7A4247F40A700C7D341 /* LaunchScreen.storyboard */,
				F89CC7A7247F40A700C7D341 /* Info.plist */,
				F89CC7A1247F40A700C7D341 /* Preview Content */,
			);
			path = Thingers;
			sourceTree = "<group>";
		};
		F89CC7A1247F40A700C7D341 /* Preview Content */ = {
			isa = PBXGroup;
			children = (
				F89CC7A2247F40A700C7D341 /* Preview Assets.xcassets */,
			);
			path = "Preview Content";
			sourceTree = "<group>";
		};
/* End PBXGroup section */

/* Begin PBXNativeTarget section */
		F89CC795247F40A600C7D341 /* Thingers */ = {
			isa = PBXNativeTarget;
			buildConfigurationList = F89CC7AA247F40A700C7D341 /* Build configuration list for PBXNativeTarget "Thingers" */;
			buildPhases = (
				F89CC792247F40A600C7D341 /* Sources */,
				F89CC793247F40A600C7D341 /* Frameworks */,
				F89CC794247F40A600C7D341 /* Resources */,
			);
			buildRules = (
			);
			dependencies = (
			);
			name = Thingers;
			productName = Thingers;
			productReference = F89CC796247F40A600C7D341 /* Thingers.app */;
			productType = "com.apple.product-type.application";
		};
/* End PBXNativeTarget section */

/* Begin PBXProject section */
		F89CC78E247F40A600C7D341 /* Project object */ = {
			isa = PBXProject;
			attributes = {
				LastSwiftUpdateCheck = 1150;
				LastUpgradeCheck = 1150;
				ORGANIZATIONNAME = "Stefan Arentz";
				TargetAttributes = {
					F89CC795247F40A600C7D341 = {
						CreatedOnToolsVersion = 11.5;
					};
				};
			};
			buildConfigurationList = F89CC791247F40A600C7D341 /* Build configuration list for PBXProject "Thingers" */;
			compatibilityVersion = "Xcode 9.3";
			developmentRegion = en;
			hasScannedForEncodings = 0;
			knownRegions = (
				en,
				Base,
			);
			mainGroup = F89CC78D247F40A600C7D341;
			productRefGroup = F89CC797247F40A600C7D341 /* Products */;
			projectDirPath = "";
			projectRoot = "";
			targets = (
				F89CC795247F40A600C7D341 /* Thingers */,
			);
		};
/* End PBXProject section */

/* Begin PBXResourcesBuildPhase section */
		F89CC794247F40A600C7D341 /* Resources */ = {
			isa = PBXResourcesBuildPhase;
			buildActionMask = 2147483647;
			files = (
				F89CC7A6247F40A700C7D341 /* LaunchScreen.storyboard in Resources */,
				F89CC7A3247F40A700C7D341 /* Preview Assets.xcassets in Resources */,
				F89CC7A0247F40A700C7D341 /* Assets.xcassets in Resources */,
			);
			runOnlyForDeploymentPostprocessing = 0;
		};
/* End PBXResourcesBuildPhase section */

/* Begin PBXSourcesBuildPhase section */
		F89CC792247F40A600C7D341 /* Sources */ = {
			isa = PBXSourcesBuildPhase;
			buildActionMask = 2147483647;
			files = (
				F89CC79A247F40A600C7D341 /* AppDelegate.swift in Sources */,
				F89CC7AE247F437B00C7D341 /* DetailView.swift in Sources */,
				F89CC79C247F40A600C7D341 /* SceneDelegate.swift in Sources */,
				F89CC7B2247F4B0C00C7D341 /* Store.swift in Sources */,
				F89CC7B0247F4A6300C7D341 /* MasterView.swift in Sources */,
				F89CC79E247F40A600C7D341 /* ContentView.swift in Sources */,
			);
			runOnlyForDeploymentPostprocessing = 0;
		};
/* End PBXSourcesBuildPhase section */

/* Begin PBXVariantGroup section */
		F89CC7A4247F40A700C7D341 /* LaunchScreen.storyboard */ = {
			isa = PBXVariantGroup;
			children = (
				F89CC7A5247F40A700C7D341 /* Base */,
			);
			name = LaunchScreen.storyboard;
			sourceTree = "<group>";
		};
/* End PBXVariantGroup section */

/* Begin XCBuildConfiguration section */
		F89CC7A8247F40A700C7D341 /* Debug */ = {
			isa = XCBuildConfiguration;
			buildSettings = {
				ALWAYS_SEARCH_USER_PATHS = NO;
				CLANG_ANALYZER_NONNULL = YES;
				CLANG_ANALYZER_NUMBER_OBJECT_CONVERSION = YES_AGGRESSIVE;
				CLANG_CXX_LANGUAGE_STANDARD = "gnu++14";
				CLANG_CXX_LIBRARY = "libc++";
				CLANG_ENABLE_MODULES = YES;
				CLANG_ENABLE_OBJC_ARC = YES;
				CLANG_ENABLE_OBJC_WEAK = YES;
				CLANG_WARN_BLOCK_CAPTURE_AUTORELEASING = YES;
				CLANG_WARN_BOOL_CONVERSION = YES;
				CLANG_WARN_COMMA = YES;
				CLANG_WARN_CONSTANT_CONVERSION = YES;
				CLANG_WARN_DEPRECATED_OBJC_IMPLEMENTATIONS = YES;
				CLANG_WARN_DIRECT_OBJC_ISA_USAGE = YES_ERROR;
				CLANG_WARN_DOCUMENTATION_COMMENTS = YES;
				CLANG_WARN_EMPTY_BODY = YES;
				CLANG_WARN_ENUM_CONVERSION = YES;
				CLANG_WARN_INFINITE_RECURSION = YES;
				CLANG_WARN_INT_CONVERSION = YES;
				CLANG_WARN_NON_LITERAL_NULL_CONVERSION = YES;
				CLANG_WARN_OBJC_IMPLICIT_RETAIN_SELF = YES;
				CLANG_WARN_OBJC_LITERAL_CONVERSION = YES;
				CLANG_WARN_OBJC_ROOT_CLASS = YES_ERROR;
				CLANG_WARN_RANGE_LOOP_ANALYSIS = YES;
				CLANG_WARN_STRICT_PROTOTYPES = YES;
				CLANG_WARN_SUSPICIOUS_MOVE = YES;
				CLANG_WARN_UNGUARDED_AVAILABILITY = YES_AGGRESSIVE;
				CLANG_WARN_UNREACHABLE_CODE = YES;
				CLANG_WARN__DUPLICATE_METHOD_MATCH = YES;
				COPY_PHASE_STRIP = NO;
				DEBUG_INFORMATION_FORMAT = dwarf;
				ENABLE_STRICT_OBJC_MSGSEND = YES;
				ENABLE_TESTABILITY = YES;
				GCC_C_LANGUAGE_STANDARD = gnu11;
				GCC_DYNAMIC_NO_PIC = NO;
				GCC_NO_COMMON_BLOCKS = YES;
				GCC_OPTIMIZATION_LEVEL = 0;
				GCC_PREPROCESSOR_DEFINITIONS = (
					"DEBUG=1",
					"$(inherited)",
				);
				GCC_WARN_64_TO_32_BIT_CONVERSION = YES;
				GCC_WARN_ABOUT_RETURN_TYPE = YES_ERROR;
				GCC_WARN_UNDECLARED_SELECTOR = YES;
				GCC_WARN_UNINITIALIZED_AUTOS = YES_AGGRESSIVE;
				GCC_WARN_UNUSED_FUNCTION = YES;
				GCC_WARN_UNUSED_VARIABLE = YES;
				IPHONEOS_DEPLOYMENT_TARGET = 13.5;
				MTL_ENABLE_DEBUG_INFO = INCLUDE_SOURCE;
				MTL_FAST_MATH = YES;
				ONLY_ACTIVE_ARCH = YES;
				SDKROOT = iphoneos;
				SWIFT_ACTIVE_COMPILATION_CONDITIONS = DEBUG;
				SWIFT_OPTIMIZATION_LEVEL = "-Onone";
			};
			name = Debug;
		};
		F89CC7A9247F40A700C7D341 /* Release */ = {
			isa = XCBuildConfiguration;
			buildSettings = {
				ALWAYS_SEARCH_USER_PATHS = NO;
				CLANG_ANALYZER_NONNULL = YES;
				CLANG_ANALYZER_NUMBER_OBJECT_CONVERSION = YES_AGGRESSIVE;
				CLANG_CXX_LANGUAGE_STANDARD = "gnu++14";
				CLANG_CXX_LIBRARY = "libc++";
				CLANG_ENABLE_MODULES = YES;
				CLANG_ENABLE_OBJC_ARC = YES;
				CLANG_ENABLE_OBJC_WEAK = YES;
				CLANG_WARN_BLOCK_CAPTURE_AUTORELEASING = YES;
				CLANG_WARN_BOOL_CONVERSION = YES;
				CLANG_WARN_COMMA = YES;
				CLANG_WARN_CONSTANT_CONVERSION = YES;
				CLANG_WARN_DEPRECATED_OBJC_IMPLEMENTATIONS = YES;
				CLANG_WARN_DIRECT_OBJC_ISA_USAGE = YES_ERROR;
				CLANG_WARN_DOCUMENTATION_COMMENTS = YES;
				CLANG_WARN_EMPTY_BODY = YES;
				CLANG_WARN_ENUM_CONVERSION = YES;
				CLANG_WARN_INFINITE_RECURSION = YES;
				CLANG_WARN_INT_CONVERSION = YES;
				CLANG_WARN_NON_LITERAL_NULL_CONVERSION = YES;
				CLANG_WARN_OBJC_IMPLICIT_RETAIN_SELF = YES;
				CLANG_WARN_OBJC_LITERAL_CONVERSION = YES;
				CLANG_WARN_OBJC_ROOT_CLASS = YES_ERROR;
				CLANG_WARN_RANGE_LOOP_ANALYSIS = YES;
				CLANG_WARN_STRICT_PROTOTYPES = YES;
				CLANG_WARN_SUSPICIOUS_MOVE = YES;
				CLANG_WARN_UNGUARDED_AVAILABILITY = YES_AGGRESSIVE;
				CLANG_WARN_UNREACHABLE_CODE = YES;
				CLANG_WARN__DUPLICATE_METHOD_MATCH = YES;
				COPY_PHASE_STRIP = NO;
				DEBUG_INFORMATION_FORMAT = "dwarf-with-dsym";
				ENABLE_NS_ASSERTIONS = NO;
				ENABLE_STRICT_OBJC_MSGSEND = YES;
				GCC_C_LANGUAGE_STANDARD = gnu11;
				GCC_NO_COMMON_BLOCKS = YES;
				GCC_WARN_64_TO_32_BIT_CONVERSION = YES;
				GCC_WARN_ABOUT_RETURN_TYPE = YES_ERROR;
				GCC_WARN_UNDECLARED_SELECTOR = YES;
				GCC_WARN_UNINITIALIZED_AUTOS = YES_AGGRESSIVE;
				GCC_WARN_UNUSED_FUNCTION = YES;
				GCC_WARN_UNUSED_VARIABLE = YES;
				IPHONEOS_DEPLOYMENT_TARGET = 13.5;
				MTL_ENABLE_DEBUG_INFO = NO;
				MTL_FAST_MATH = YES;
				SDKROOT = iphoneos;
				SWIFT_COMPILATION_MODE = wholemodule;
				SWIFT_OPTIMIZATION_LEVEL = "-O";
				VALIDATE_PRODUCT = YES;
			};
			name = Release;
		};
		F89CC7AB247F40A700C7D341 /* Debug */ = {
			isa = XCBuildConfiguration;
			buildSettings = {
				ASSETCATALOG_COMPILER_APPICON_NAME = AppIcon;
				CODE_SIGN_STYLE = Automatic;
				DEVELOPMENT_ASSET_PATHS = "\"Thingers/Preview Content\"";
				ENABLE_PREVIEWS = YES;
				INFOPLIST_FILE = Thingers/Info.plist;
				LD_RUNPATH_SEARCH_PATHS = (
					"$(inherited)",
					"@executable_path/Frameworks",
				);
				PRODUCT_BUNDLE_IDENTIFIER = ca.arentz.Thingers;
				PRODUCT_NAME = "$(TARGET_NAME)";
				SWIFT_VERSION = 5.0;
				TARGETED_DEVICE_FAMILY = "1,2";
			};
			name = Debug;
		};
		F89CC7AC247F40A700C7D341 /* Release */ = {
			isa = XCBuildConfiguration;
			buildSettings = {
				ASSETCATALOG_COMPILER_APPICON_NAME = AppIcon;
				CODE_SIGN_STYLE = Automatic;
				DEVELOPMENT_ASSET_PATHS = "\"Thingers/Preview Content\"";
				ENABLE_PREVIEWS = YES;
				INFOPLIST_FILE = Thingers/Info.plist;
				LD_RUNPATH_SEARCH_PATHS = (
					"$(inherited)",
					"@executable_path/Frameworks",
				);
				PRODUCT_BUNDLE_IDENTIFIER = ca.arentz.Thingers;
				PRODUCT_NAME = "$(TARGET_NAME)";
				SWIFT_VERSION = 5.0;
				TARGETED_DEVICE_FAMILY = "1,2";
			};
			name = Release;
		};
/* End XCBuildConfiguration section */

/* Begin XCConfigurationList section */
		F89CC791247F40A600C7D341 /* Build configuration list for PBXProject "Thingers" */ = {
			isa = XCConfigurationList;
			buildConfigurations = (
				F89CC7A8247F40A700C7D341 /* Debug */,
				F89CC7A9247F40A700C7D341 /* Release */,
			);
			defaultConfigurationIsVisible = 0;
			defaultConfigurationName = Release;
		};
		F89CC7AA247F40A700C7D341 /* Build configuration list for PBXNativeTarget "Thingers" */ = {
			isa = XCConfigurationList;
			buildConfigurations = (
				F89CC7AB247F40A700C7D341 /* Debug */,
				F89CC7AC247F40A700C7D341 /* Release */,
			);
			defaultConfigurationIsVisible = 0;
			defaultConfigurationName = Release;
		};
/* End XCConfigurationList section */
	};
	rootObject = F89CC78E247F40A600C7D341 /* Project object */;
}
