// !$*UTF8*$!
{
	archiveVersion = 1;
	classes = {
	};
	objectVersion = 50;
	objects = {

/* Begin PBXBuildFile section */
		F80861D624C3356E004DAA33 /* MasterDetail WatchKit App.app in Embed Watch Content */ = {isa = PBXBuildFile; fileRef = F80861D524C3356E004DAA33 /* MasterDetail WatchKit App.app */; settings = {ATTRIBUTES = (RemoveHeadersOnCopy, ); }; };
		F80861DC24C3356E004DAA33 /* Interface.storyboard in Resources */ = {isa = PBXBuildFile; fileRef = F80861DA24C3356E004DAA33 /* Interface.storyboard */; };
		F80861DE24C33574004DAA33 /* Assets.xcassets in Resources */ = {isa = PBXBuildFile; fileRef = F80861DD24C33574004DAA33 /* Assets.xcassets */; };
		F80861E524C33574004DAA33 /* MasterDetail WatchKit Extension.appex in Embed App Extensions */ = {isa = PBXBuildFile; fileRef = F80861E424C33574004DAA33 /* MasterDetail WatchKit Extension.appex */; settings = {ATTRIBUTES = (RemoveHeadersOnCopy, ); }; };
		F80861EA24C33574004DAA33 /* ContentView.swift in Sources */ = {isa = PBXBuildFile; fileRef = F80861E924C33574004DAA33 /* ContentView.swift */; };
		F80861EC24C33574004DAA33 /* HostingController.swift in Sources */ = {isa = PBXBuildFile; fileRef = F80861EB24C33574004DAA33 /* HostingController.swift */; };
		F80861EE24C33574004DAA33 /* ExtensionDelegate.swift in Sources */ = {isa = PBXBuildFile; fileRef = F80861ED24C33574004DAA33 /* ExtensionDelegate.swift */; };
		F80861F024C33575004DAA33 /* Assets.xcassets in Resources */ = {isa = PBXBuildFile; fileRef = F80861EF24C33575004DAA33 /* Assets.xcassets */; };
		F80861F324C33575004DAA33 /* Preview Assets.xcassets in Resources */ = {isa = PBXBuildFile; fileRef = F80861F224C33575004DAA33 /* Preview Assets.xcassets */; };
/* End PBXBuildFile section */

/* Begin PBXContainerItemProxy section */
		F80861D724C3356E004DAA33 /* PBXContainerItemProxy */ = {
			isa = PBXContainerItemProxy;
			containerPortal = F80861CB24C3356E004DAA33 /* Project object */;
			proxyType = 1;
			remoteGlobalIDString = F80861D424C3356E004DAA33;
			remoteInfo = "MasterDetail WatchKit App";
		};
		F80861E624C33574004DAA33 /* PBXContainerItemProxy */ = {
			isa = PBXContainerItemProxy;
			containerPortal = F80861CB24C3356E004DAA33 /* Project object */;
			proxyType = 1;
			remoteGlobalIDString = F80861E324C33574004DAA33;
			remoteInfo = "MasterDetail WatchKit Extension";
		};
/* End PBXContainerItemProxy section */

/* Begin PBXCopyFilesBuildPhase section */
		F80861FA24C33575004DAA33 /* Embed App Extensions */ = {
			isa = PBXCopyFilesBuildPhase;
			buildActionMask = 2147483647;
			dstPath = "";
			dstSubfolderSpec = 13;
			files = (
				F80861E524C33574004DAA33 /* MasterDetail WatchKit Extension.appex in Embed App Extensions */,
			);
			name = "Embed App Extensions";
			runOnlyForDeploymentPostprocessing = 0;
		};
		F80861FE24C33575004DAA33 /* Embed Watch Content */ = {
			isa = PBXCopyFilesBuildPhase;
			buildActionMask = 2147483647;
			dstPath = "$(CONTENTS_FOLDER_PATH)/Watch";
			dstSubfolderSpec = 16;
			files = (
				F80861D624C3356E004DAA33 /* MasterDetail WatchKit App.app in Embed Watch Content */,
			);
			name = "Embed Watch Content";
			runOnlyForDeploymentPostprocessing = 0;
		};
/* End PBXCopyFilesBuildPhase section */

/* Begin PBXFileReference section */
		F80861D124C3356E004DAA33 /* MasterDetail.app */ = {isa = PBXFileReference; explicitFileType = wrapper.application; includeInIndex = 0; path = MasterDetail.app; sourceTree = BUILT_PRODUCTS_DIR; };
		F80861D524C3356E004DAA33 /* MasterDetail WatchKit App.app */ = {isa = PBXFileReference; explicitFileType = wrapper.application; includeInIndex = 0; path = "MasterDetail WatchKit App.app"; sourceTree = BUILT_PRODUCTS_DIR; };
		F80861DB24C3356E004DAA33 /* Base */ = {isa = PBXFileReference; lastKnownFileType = file.storyboard; name = Base; path = Base.lproj/Interface.storyboard; sourceTree = "<group>"; };
		F80861DD24C33574004DAA33 /* Assets.xcassets */ = {isa = PBXFileReference; lastKnownFileType = folder.assetcatalog; path = Assets.xcassets; sourceTree = "<group>"; };
		F80861DF24C33574004DAA33 /* Info.plist */ = {isa = PBXFileReference; lastKnownFileType = text.plist.xml; path = Info.plist; sourceTree = "<group>"; };
		F80861E424C33574004DAA33 /* MasterDetail WatchKit Extension.appex */ = {isa = PBXFileReference; explicitFileType = "wrapper.app-extension"; includeInIndex = 0; path = "MasterDetail WatchKit Extension.appex"; sourceTree = BUILT_PRODUCTS_DIR; };
		F80861E924C33574004DAA33 /* ContentView.swift */ = {isa = PBXFileReference; lastKnownFileType = sourcecode.swift; path = ContentView.swift; sourceTree = "<group>"; };
		F80861EB24C33574004DAA33 /* HostingController.swift */ = {isa = PBXFileReference; lastKnownFileType = sourcecode.swift; path = HostingController.swift; sourceTree = "<group>"; };
		F80861ED24C33574004DAA33 /* ExtensionDelegate.swift */ = {isa = PBXFileReference; lastKnownFileType = sourcecode.swift; path = ExtensionDelegate.swift; sourceTree = "<group>"; };
		F80861EF24C33575004DAA33 /* Assets.xcassets */ = {isa = PBXFileReference; lastKnownFileType = folder.assetcatalog; path = Assets.xcassets; sourceTree = "<group>"; };
		F80861F224C33575004DAA33 /* Preview Assets.xcassets */ = {isa = PBXFileReference; lastKnownFileType = folder.assetcatalog; path = "Preview Assets.xcassets"; sourceTree = "<group>"; };
		F80861F424C33575004DAA33 /* Info.plist */ = {isa = PBXFileReference; lastKnownFileType = text.plist.xml; path = Info.plist; sourceTree = "<group>"; };
/* End PBXFileReference section */

/* Begin PBXFrameworksBuildPhase section */
		F80861E124C33574004DAA33 /* Frameworks */ = {
			isa = PBXFrameworksBuildPhase;
			buildActionMask = 2147483647;
			files = (
			);
			runOnlyForDeploymentPostprocessing = 0;
		};
/* End PBXFrameworksBuildPhase section */

/* Begin PBXGroup section */
		F80861CA24C3356E004DAA33 = {
			isa = PBXGroup;
			children = (
				F80861D924C3356E004DAA33 /* MasterDetail WatchKit App */,
				F80861E824C33574004DAA33 /* MasterDetail WatchKit Extension */,
				F80861D224C3356E004DAA33 /* Products */,
			);
			sourceTree = "<group>";
		};
		F80861D224C3356E004DAA33 /* Products */ = {
			isa = PBXGroup;
			children = (
				F80861D124C3356E004DAA33 /* MasterDetail.app */,
				F80861D524C3356E004DAA33 /* MasterDetail WatchKit App.app */,
				F80861E424C33574004DAA33 /* MasterDetail WatchKit Extension.appex */,
			);
			name = Products;
			sourceTree = "<group>";
		};
		F80861D924C3356E004DAA33 /* MasterDetail WatchKit App */ = {
			isa = PBXGroup;
			children = (
				F80861DA24C3356E004DAA33 /* Interface.storyboard */,
				F80861DD24C33574004DAA33 /* Assets.xcassets */,
				F80861DF24C33574004DAA33 /* Info.plist */,
			);
			path = "MasterDetail WatchKit App";
			sourceTree = "<group>";
		};
		F80861E824C33574004DAA33 /* MasterDetail WatchKit Extension */ = {
			isa = PBXGroup;
			children = (
				F80861E924C33574004DAA33 /* ContentView.swift */,
				F80861EB24C33574004DAA33 /* HostingController.swift */,
				F80861ED24C33574004DAA33 /* ExtensionDelegate.swift */,
				F80861EF24C33575004DAA33 /* Assets.xcassets */,
				F80861F424C33575004DAA33 /* Info.plist */,
				F80861F124C33575004DAA33 /* Preview Content */,
			);
			path = "MasterDetail WatchKit Extension";
			sourceTree = "<group>";
		};
		F80861F124C33575004DAA33 /* Preview Content */ = {
			isa = PBXGroup;
			children = (
				F80861F224C33575004DAA33 /* Preview Assets.xcassets */,
			);
			path = "Preview Content";
			sourceTree = "<group>";
		};
/* End PBXGroup section */

/* Begin PBXNativeTarget section */
		F80861D024C3356E004DAA33 /* MasterDetail */ = {
			isa = PBXNativeTarget;
			buildConfigurationList = F80861FF24C33575004DAA33 /* Build configuration list for PBXNativeTarget "MasterDetail" */;
			buildPhases = (
				F80861CF24C3356E004DAA33 /* Resources */,
				F80861FE24C33575004DAA33 /* Embed Watch Content */,
			);
			buildRules = (
			);
			dependencies = (
				F80861D824C3356E004DAA33 /* PBXTargetDependency */,
			);
			name = MasterDetail;
			productName = MasterDetail;
			productReference = F80861D124C3356E004DAA33 /* MasterDetail.app */;
			productType = "com.apple.product-type.application.watchapp2-container";
		};
		F80861D424C3356E004DAA33 /* MasterDetail WatchKit App */ = {
			isa = PBXNativeTarget;
			buildConfigurationList = F80861FB24C33575004DAA33 /* Build configuration list for PBXNativeTarget "MasterDetail WatchKit App" */;
			buildPhases = (
				F80861D324C3356E004DAA33 /* Resources */,
				F80861FA24C33575004DAA33 /* Embed App Extensions */,
			);
			buildRules = (
			);
			dependencies = (
				F80861E724C33574004DAA33 /* PBXTargetDependency */,
			);
			name = "MasterDetail WatchKit App";
			productName = "MasterDetail WatchKit App";
			productReference = F80861D524C3356E004DAA33 /* MasterDetail WatchKit App.app */;
			productType = "com.apple.product-type.application.watchapp2";
		};
		F80861E324C33574004DAA33 /* MasterDetail WatchKit Extension */ = {
			isa = PBXNativeTarget;
			buildConfigurationList = F80861F724C33575004DAA33 /* Build configuration list for PBXNativeTarget "MasterDetail WatchKit Extension" */;
			buildPhases = (
				F80861E024C33574004DAA33 /* Sources */,
				F80861E124C33574004DAA33 /* Frameworks */,
				F80861E224C33574004DAA33 /* Resources */,
			);
			buildRules = (
			);
			dependencies = (
			);
			name = "MasterDetail WatchKit Extension";
			productName = "MasterDetail WatchKit Extension";
			productReference = F80861E424C33574004DAA33 /* MasterDetail WatchKit Extension.appex */;
			productType = "com.apple.product-type.watchkit2-extension";
		};
/* End PBXNativeTarget section */

/* Begin PBXProject section */
		F80861CB24C3356E004DAA33 /* Project object */ = {
			isa = PBXProject;
			attributes = {
				LastSwiftUpdateCheck = 1150;
				LastUpgradeCheck = 1150;
				ORGANIZATIONNAME = Example;
				TargetAttributes = {
					F80861D024C3356E004DAA33 = {
						CreatedOnToolsVersion = 11.5;
					};
					F80861D424C3356E004DAA33 = {
						CreatedOnToolsVersion = 11.5;
					};
					F80861E324C33574004DAA33 = {
						CreatedOnToolsVersion = 11.5;
					};
				};
			};
			buildConfigurationList = F80861CE24C3356E004DAA33 /* Build configuration list for PBXProject "MasterDetail" */;
			compatibilityVersion = "Xcode 9.3";
			developmentRegion = en;
			hasScannedForEncodings = 0;
			knownRegions = (
				en,
				Base,
			);
			mainGroup = F80861CA24C3356E004DAA33;
			productRefGroup = F80861D224C3356E004DAA33 /* Products */;
			projectDirPath = "";
			projectRoot = "";
			targets = (
				F80861D024C3356E004DAA33 /* MasterDetail */,
				F80861D424C3356E004DAA33 /* MasterDetail WatchKit App */,
				F80861E324C33574004DAA33 /* MasterDetail WatchKit Extension */,
			);
		};
/* End PBXProject section */

/* Begin PBXResourcesBuildPhase section */
		F80861CF24C3356E004DAA33 /* Resources */ = {
			isa = PBXResourcesBuildPhase;
			buildActionMask = 2147483647;
			files = (
			);
			runOnlyForDeploymentPostprocessing = 0;
		};
		F80861D324C3356E004DAA33 /* Resources */ = {
			isa = PBXResourcesBuildPhase;
			buildActionMask = 2147483647;
			files = (
				F80861DE24C33574004DAA33 /* Assets.xcassets in Resources */,
				F80861DC24C3356E004DAA33 /* Interface.storyboard in Resources */,
			);
			runOnlyForDeploymentPostprocessing = 0;
		};
		F80861E224C33574004DAA33 /* Resources */ = {
			isa = PBXResourcesBuildPhase;
			buildActionMask = 2147483647;
			files = (
				F80861F324C33575004DAA33 /* Preview Assets.xcassets in Resources */,
				F80861F024C33575004DAA33 /* Assets.xcassets in Resources */,
			);
			runOnlyForDeploymentPostprocessing = 0;
		};
/* End PBXResourcesBuildPhase section */

/* Begin PBXSourcesBuildPhase section */
		F80861E024C33574004DAA33 /* Sources */ = {
			isa = PBXSourcesBuildPhase;
			buildActionMask = 2147483647;
			files = (
				F80861EC24C33574004DAA33 /* HostingController.swift in Sources */,
				F80861EA24C33574004DAA33 /* ContentView.swift in Sources */,
				F80861EE24C33574004DAA33 /* ExtensionDelegate.swift in Sources */,
			);
			runOnlyForDeploymentPostprocessing = 0;
		};
/* End PBXSourcesBuildPhase section */

/* Begin PBXTargetDependency section */
		F80861D824C3356E004DAA33 /* PBXTargetDependency */ = {
			isa = PBXTargetDependency;
			target = F80861D424C3356E004DAA33 /* MasterDetail WatchKit App */;
			targetProxy = F80861D724C3356E004DAA33 /* PBXContainerItemProxy */;
		};
		F80861E724C33574004DAA33 /* PBXTargetDependency */ = {
			isa = PBXTargetDependency;
			target = F80861E324C33574004DAA33 /* MasterDetail WatchKit Extension */;
			targetProxy = F80861E624C33574004DAA33 /* PBXContainerItemProxy */;
		};
/* End PBXTargetDependency section */

/* Begin PBXVariantGroup section */
		F80861DA24C3356E004DAA33 /* Interface.storyboard */ = {
			isa = PBXVariantGroup;
			children = (
				F80861DB24C3356E004DAA33 /* Base */,
			);
			name = Interface.storyboard;
			sourceTree = "<group>";
		};
/* End PBXVariantGroup section */

/* Begin XCBuildConfiguration section */
		F80861F524C33575004DAA33 /* Debug */ = {
			isa = XCBuildConfiguration;
			buildSettings = {
				ALWAYS_SEARCH_USER_PATHS = NO;
				CLANG_ANALYZER_NONNULL = YES;
				CLANG_ANALYZER_NUMBER_OBJECT_CONVERSION = YES_AGGRESSIVE;
				CLANG_CXX_LANGUAGE_STANDARD = "gnu++14";
				CLANG_CXX_LIBRARY = "libc++";
				CLANG_ENABLE_MODULES = YES;
				CLANG_ENABLE_OBJC_ARC = YES;
				CLANG_ENABLE_OBJC_WEAK = YES;
				CLANG_WARN_BLOCK_CAPTURE_AUTORELEASING = YES;
				CLANG_WARN_BOOL_CONVERSION = YES;
				CLANG_WARN_COMMA = YES;
				CLANG_WARN_CONSTANT_CONVERSION = YES;
				CLANG_WARN_DEPRECATED_OBJC_IMPLEMENTATIONS = YES;
				CLANG_WARN_DIRECT_OBJC_ISA_USAGE = YES_ERROR;
				CLANG_WARN_DOCUMENTATION_COMMENTS = YES;
				CLANG_WARN_EMPTY_BODY = YES;
				CLANG_WARN_ENUM_CONVERSION = YES;
				CLANG_WARN_INFINITE_RECURSION = YES;
				CLANG_WARN_INT_CONVERSION = YES;
				CLANG_WARN_NON_LITERAL_NULL_CONVERSION = YES;
				CLANG_WARN_OBJC_IMPLICIT_RETAIN_SELF = YES;
				CLANG_WARN_OBJC_LITERAL_CONVERSION = YES;
				CLANG_WARN_OBJC_ROOT_CLASS = YES_ERROR;
				CLANG_WARN_RANGE_LOOP_ANALYSIS = YES;
				CLANG_WARN_STRICT_PROTOTYPES = YES;
				CLANG_WARN_SUSPICIOUS_MOVE = YES;
				CLANG_WARN_UNGUARDED_AVAILABILITY = YES_AGGRESSIVE;
				CLANG_WARN_UNREACHABLE_CODE = YES;
				CLANG_WARN__DUPLICATE_METHOD_MATCH = YES;
				COPY_PHASE_STRIP = NO;
				DEBUG_INFORMATION_FORMAT = dwarf;
				ENABLE_STRICT_OBJC_MSGSEND = YES;
				ENABLE_TESTABILITY = YES;
				GCC_C_LANGUAGE_STANDARD = gnu11;
				GCC_DYNAMIC_NO_PIC = NO;
				GCC_NO_COMMON_BLOCKS = YES;
				GCC_OPTIMIZATION_LEVEL = 0;
				GCC_PREPROCESSOR_DEFINITIONS = (
					"DEBUG=1",
					"$(inherited)",
				);
				GCC_WARN_64_TO_32_BIT_CONVERSION = YES;
				GCC_WARN_ABOUT_RETURN_TYPE = YES_ERROR;
				GCC_WARN_UNDECLARED_SELECTOR = YES;
				GCC_WARN_UNINITIALIZED_AUTOS = YES_AGGRESSIVE;
				GCC_WARN_UNUSED_FUNCTION = YES;
				GCC_WARN_UNUSED_VARIABLE = YES;
				MTL_ENABLE_DEBUG_INFO = INCLUDE_SOURCE;
				MTL_FAST_MATH = YES;
				ONLY_ACTIVE_ARCH = YES;
				SDKROOT = iphoneos;
				SWIFT_ACTIVE_COMPILATION_CONDITIONS = DEBUG;
				SWIFT_OPTIMIZATION_LEVEL = "-Onone";
			};
			name = Debug;
		};
		F80861F624C33575004DAA33 /* Release */ = {
			isa = XCBuildConfiguration;
			buildSettings = {
				ALWAYS_SEARCH_USER_PATHS = NO;
				CLANG_ANALYZER_NONNULL = YES;
				CLANG_ANALYZER_NUMBER_OBJECT_CONVERSION = YES_AGGRESSIVE;
				CLANG_CXX_LANGUAGE_STANDARD = "gnu++14";
				CLANG_CXX_LIBRARY = "libc++";
				CLANG_ENABLE_MODULES = YES;
				CLANG_ENABLE_OBJC_ARC = YES;
				CLANG_ENABLE_OBJC_WEAK = YES;
				CLANG_WARN_BLOCK_CAPTURE_AUTORELEASING = YES;
				CLANG_WARN_BOOL_CONVERSION = YES;
				CLANG_WARN_COMMA = YES;
				CLANG_WARN_CONSTANT_CONVERSION = YES;
				CLANG_WARN_DEPRECATED_OBJC_IMPLEMENTATIONS = YES;
				CLANG_WARN_DIRECT_OBJC_ISA_USAGE = YES_ERROR;
				CLANG_WARN_DOCUMENTATION_COMMENTS = YES;
				CLANG_WARN_EMPTY_BODY = YES;
				CLANG_WARN_ENUM_CONVERSION = YES;
				CLANG_WARN_INFINITE_RECURSION = YES;
				CLANG_WARN_INT_CONVERSION = YES;
				CLANG_WARN_NON_LITERAL_NULL_CONVERSION = YES;
				CLANG_WARN_OBJC_IMPLICIT_RETAIN_SELF = YES;
				CLANG_WARN_OBJC_LITERAL_CONVERSION = YES;
				CLANG_WARN_OBJC_ROOT_CLASS = YES_ERROR;
				CLANG_WARN_RANGE_LOOP_ANALYSIS = YES;
				CLANG_WARN_STRICT_PROTOTYPES = YES;
				CLANG_WARN_SUSPICIOUS_MOVE = YES;
				CLANG_WARN_UNGUARDED_AVAILABILITY = YES_AGGRESSIVE;
				CLANG_WARN_UNREACHABLE_CODE = YES;
				CLANG_WARN__DUPLICATE_METHOD_MATCH = YES;
				COPY_PHASE_STRIP = NO;
				DEBUG_INFORMATION_FORMAT = "dwarf-with-dsym";
				ENABLE_NS_ASSERTIONS = NO;
				ENABLE_STRICT_OBJC_MSGSEND = YES;
				GCC_C_LANGUAGE_STANDARD = gnu11;
				GCC_NO_COMMON_BLOCKS = YES;
				GCC_WARN_64_TO_32_BIT_CONVERSION = YES;
				GCC_WARN_ABOUT_RETURN_TYPE = YES_ERROR;
				GCC_WARN_UNDECLARED_SELECTOR = YES;
				GCC_WARN_UNINITIALIZED_AUTOS = YES_AGGRESSIVE;
				GCC_WARN_UNUSED_FUNCTION = YES;
				GCC_WARN_UNUSED_VARIABLE = YES;
				MTL_ENABLE_DEBUG_INFO = NO;
				MTL_FAST_MATH = YES;
				SDKROOT = iphoneos;
				SWIFT_COMPILATION_MODE = wholemodule;
				SWIFT_OPTIMIZATION_LEVEL = "-O";
				VALIDATE_PRODUCT = YES;
			};
			name = Release;
		};
		F80861F824C33575004DAA33 /* Debug */ = {
			isa = XCBuildConfiguration;
			buildSettings = {
				ASSETCATALOG_COMPILER_COMPLICATION_NAME = Complication;
				CODE_SIGN_STYLE = Automatic;
				DEVELOPMENT_ASSET_PATHS = "\"MasterDetail WatchKit Extension/Preview Content\"";
				ENABLE_PREVIEWS = YES;
				INFOPLIST_FILE = "MasterDetail WatchKit Extension/Info.plist";
				LD_RUNPATH_SEARCH_PATHS = (
					"$(inherited)",
					"@executable_path/Frameworks",
					"@executable_path/../../Frameworks",
				);
				PRODUCT_BUNDLE_IDENTIFIER = com.example.MasterDetail.watchkitapp.watchkitextension;
				PRODUCT_NAME = "${TARGET_NAME}";
				SDKROOT = watchos;
				SKIP_INSTALL = YES;
				SWIFT_VERSION = 5.0;
				TARGETED_DEVICE_FAMILY = 4;
				WATCHOS_DEPLOYMENT_TARGET = 6.2;
			};
			name = Debug;
		};
		F80861F924C33575004DAA33 /* Release */ = {
			isa = XCBuildConfiguration;
			buildSettings = {
				ASSETCATALOG_COMPILER_COMPLICATION_NAME = Complication;
				CODE_SIGN_STYLE = Automatic;
				DEVELOPMENT_ASSET_PATHS = "\"MasterDetail WatchKit Extension/Preview Content\"";
				ENABLE_PREVIEWS = YES;
				INFOPLIST_FILE = "MasterDetail WatchKit Extension/Info.plist";
				LD_RUNPATH_SEARCH_PATHS = (
					"$(inherited)",
					"@executable_path/Frameworks",
					"@executable_path/../../Frameworks",
				);
				PRODUCT_BUNDLE_IDENTIFIER = com.example.MasterDetail.watchkitapp.watchkitextension;
				PRODUCT_NAME = "${TARGET_NAME}";
				SDKROOT = watchos;
				SKIP_INSTALL = YES;
				SWIFT_VERSION = 5.0;
				TARGETED_DEVICE_FAMILY = 4;
				WATCHOS_DEPLOYMENT_TARGET = 6.2;
			};
			name = Release;
		};
		F80861FC24C33575004DAA33 /* Debug */ = {
			isa = XCBuildConfiguration;
			buildSettings = {
				ALWAYS_EMBED_SWIFT_STANDARD_LIBRARIES = YES;
				ASSETCATALOG_COMPILER_APPICON_NAME = AppIcon;
				CODE_SIGN_STYLE = Automatic;
				IBSC_MODULE = MasterDetail_WatchKit_Extension;
				INFOPLIST_FILE = "MasterDetail WatchKit App/Info.plist";
				PRODUCT_BUNDLE_IDENTIFIER = com.example.MasterDetail.watchkitapp;
				PRODUCT_NAME = "$(TARGET_NAME)";
				SDKROOT = watchos;
				SKIP_INSTALL = YES;
				SWIFT_VERSION = 5.0;
				TARGETED_DEVICE_FAMILY = 4;
				WATCHOS_DEPLOYMENT_TARGET = 6.2;
			};
			name = Debug;
		};
		F80861FD24C33575004DAA33 /* Release */ = {
			isa = XCBuildConfiguration;
			buildSettings = {
				ALWAYS_EMBED_SWIFT_STANDARD_LIBRARIES = YES;
				ASSETCATALOG_COMPILER_APPICON_NAME = AppIcon;
				CODE_SIGN_STYLE = Automatic;
				IBSC_MODULE = MasterDetail_WatchKit_Extension;
				INFOPLIST_FILE = "MasterDetail WatchKit App/Info.plist";
				PRODUCT_BUNDLE_IDENTIFIER = com.example.MasterDetail.watchkitapp;
				PRODUCT_NAME = "$(TARGET_NAME)";
				SDKROOT = watchos;
				SKIP_INSTALL = YES;
				SWIFT_VERSION = 5.0;
				TARGETED_DEVICE_FAMILY = 4;
				WATCHOS_DEPLOYMENT_TARGET = 6.2;
			};
			name = Release;
		};
		F808620024C33575004DAA33 /* Debug */ = {
			isa = XCBuildConfiguration;
			buildSettings = {
				CODE_SIGN_STYLE = Automatic;
				CURRENT_PROJECT_VERSION = 1;
				MARKETING_VERSION = 1.0;
				PRODUCT_BUNDLE_IDENTIFIER = com.example.MasterDetail;
				PRODUCT_NAME = "$(TARGET_NAME)";
				SWIFT_VERSION = 5.0;
			};
			name = Debug;
		};
		F808620124C33575004DAA33 /* Release */ = {
			isa = XCBuildConfiguration;
			buildSettings = {
				CODE_SIGN_STYLE = Automatic;
				CURRENT_PROJECT_VERSION = 1;
				MARKETING_VERSION = 1.0;
				PRODUCT_BUNDLE_IDENTIFIER = com.example.MasterDetail;
				PRODUCT_NAME = "$(TARGET_NAME)";
				SWIFT_VERSION = 5.0;
			};
			name = Release;
		};
/* End XCBuildConfiguration section */

/* Begin XCConfigurationList section */
		F80861CE24C3356E004DAA33 /* Build configuration list for PBXProject "MasterDetail" */ = {
			isa = XCConfigurationList;
			buildConfigurations = (
				F80861F524C33575004DAA33 /* Debug */,
				F80861F624C33575004DAA33 /* Release */,
			);
			defaultConfigurationIsVisible = 0;
			defaultConfigurationName = Release;
		};
		F80861F724C33575004DAA33 /* Build configuration list for PBXNativeTarget "MasterDetail WatchKit Extension" */ = {
			isa = XCConfigurationList;
			buildConfigurations = (
				F80861F824C33575004DAA33 /* Debug */,
				F80861F924C33575004DAA33 /* Release */,
			);
			defaultConfigurationIsVisible = 0;
			defaultConfigurationName = Release;
		};
		F80861FB24C33575004DAA33 /* Build configuration list for PBXNativeTarget "MasterDetail WatchKit App" */ = {
			isa = XCConfigurationList;
			buildConfigurations = (
				F80861FC24C33575004DAA33 /* Debug */,
				F80861FD24C33575004DAA33 /* Release */,
			);
			defaultConfigurationIsVisible = 0;
			defaultConfigurationName = Release;
		};
		F80861FF24C33575004DAA33 /* Build configuration list for PBXNativeTarget "MasterDetail" */ = {
			isa = XCConfigurationList;
			buildConfigurations = (
				F808620024C33575004DAA33 /* Debug */,
				F808620124C33575004DAA33 /* Release */,
			);
			defaultConfigurationIsVisible = 0;
			defaultConfigurationName = Release;
		};
/* End XCConfigurationList section */
	};
	rootObject = F80861CB24C3356E004DAA33 /* Project object */;
}
